
Microsoft Visual Studio Solution File, Format Version 12.00
# Visual Studio Version 17
VisualStudioVersion = 17.8.34525.116
MinimumVisualStudioVersion = 10.0.40219.1
Project("{8BC9CEB8-8B4A-11D0-8D11-00A0C91BC942}") = "getline", "3\3.vcxproj", "{2DD855B1-0F3D-4C29-97B7-2179154F7C1F}"
EndProject
Project("{8BC9CEB8-8B4A-11D0-8D11-00A0C91BC942}") = "getline_EN", "4\4.vcxproj", "{A1D55831-EAB2-4FA9-A970-1D33BDE9610F}"
EndProject
Project("{8BC9CEB8-8B4A-11D0-8D11-00A0C91BC942}") = "Input&Output", "2\2.vcxproj", "{A589F21B-0864-481C-B8C4-9C0F05CCE489}"
EndProject
Project("{8BC9CEB8-8B4A-11D0-8D11-00A0C91BC942}") = "getline_RU", "5\5.vcxproj", "{0C9F222F-0080-4AF4-B3C6-40E4D4EE9848}"
EndProject
Project("{8BC9CEB8-8B4A-11D0-8D11-00A0C91BC942}") = "If_Else_Calc", "6\6.vcxproj", "{2F70C2BD-6E28-4A31-A77B-CB9C5A83E0CB}"
EndProject
Project("{8BC9CEB8-8B4A-11D0-8D11-00A0C91BC942}") = "Cycles", "7\7.vcxproj", "{921CFCCF-5501-4574-A29B-9351469FDAA5}"
EndProject
Project("{8BC9CEB8-8B4A-11D0-8D11-00A0C91BC942}") = "СМ-2", "СМ-2\СМ-2.vcxproj", "{22BE1902-5AEE-4338-8CFE-8DFFAFB87603}"
EndProject
Project("{8BC9CEB8-8B4A-11D0-8D11-00A0C91BC942}") = "Hallo World", "Hallo World\Hallo World.vcxproj", "{D1596FE6-C122-42EE-A8DF-2D5C06FC8A08}"
EndProject
Project("{8BC9CEB8-8B4A-11D0-8D11-00A0C91BC942}") = "DataTypes", "DataTypes\DataTypes.vcxproj", "{1960801E-88DA-4D21-B925-F855549C0F88}"
EndProject
Project("{8BC9CEB8-8B4A-11D0-8D11-00A0C91BC942}") = "СМ-1", "СМ-1\СМ-1.vcxproj", "{0987091F-BEE4-4293-B96C-54E2382112E0}"
EndProject
Global
	GlobalSection(SolutionConfigurationPlatforms) = preSolution
		Debug|x64 = Debug|x64
		Debug|x86 = Debug|x86
		Release|x64 = Release|x64
		Release|x86 = Release|x86
	EndGlobalSection
	GlobalSection(ProjectConfigurationPlatforms) = postSolution
		{2DD855B1-0F3D-4C29-97B7-2179154F7C1F}.Debug|x64.ActiveCfg = Debug|x64
		{2DD855B1-0F3D-4C29-97B7-2179154F7C1F}.Debug|x64.Build.0 = Debug|x64
		{2DD855B1-0F3D-4C29-97B7-2179154F7C1F}.Debug|x86.ActiveCfg = Debug|Win32
		{2DD855B1-0F3D-4C29-97B7-2179154F7C1F}.Debug|x86.Build.0 = Debug|Win32
		{2DD855B1-0F3D-4C29-97B7-2179154F7C1F}.Release|x64.ActiveCfg = Release|x64
		{2DD855B1-0F3D-4C29-97B7-2179154F7C1F}.Release|x64.Build.0 = Release|x64
		{2DD855B1-0F3D-4C29-97B7-2179154F7C1F}.Release|x86.ActiveCfg = Release|Win32
		{2DD855B1-0F3D-4C29-97B7-2179154F7C1F}.Release|x86.Build.0 = Release|Win32
		{A1D55831-EAB2-4FA9-A970-1D33BDE9610F}.Debug|x64.ActiveCfg = Debug|x64
		{A1D55831-EAB2-4FA9-A970-1D33BDE9610F}.Debug|x64.Build.0 = Debug|x64
		{A1D55831-EAB2-4FA9-A970-1D33BDE9610F}.Debug|x86.ActiveCfg = Debug|Win32
		{A1D55831-EAB2-4FA9-A970-1D33BDE9610F}.Debug|x86.Build.0 = Debug|Win32
		{A1D55831-EAB2-4FA9-A970-1D33BDE9610F}.Release|x64.ActiveCfg = Release|x64
		{A1D55831-EAB2-4FA9-A970-1D33BDE9610F}.Release|x64.Build.0 = Release|x64
		{A1D55831-EAB2-4FA9-A970-1D33BDE9610F}.Release|x86.ActiveCfg = Release|Win32
		{A1D55831-EAB2-4FA9-A970-1D33BDE9610F}.Release|x86.Build.0 = Release|Win32
		{A589F21B-0864-481C-B8C4-9C0F05CCE489}.Debug|x64.ActiveCfg = Debug|x64
		{A589F21B-0864-481C-B8C4-9C0F05CCE489}.Debug|x64.Build.0 = Debug|x64
		{A589F21B-0864-481C-B8C4-9C0F05CCE489}.Debug|x86.ActiveCfg = Debug|Win32
		{A589F21B-0864-481C-B8C4-9C0F05CCE489}.Debug|x86.Build.0 = Debug|Win32
		{A589F21B-0864-481C-B8C4-9C0F05CCE489}.Release|x64.ActiveCfg = Release|x64
		{A589F21B-0864-481C-B8C4-9C0F05CCE489}.Release|x64.Build.0 = Release|x64
		{A589F21B-0864-481C-B8C4-9C0F05CCE489}.Release|x86.ActiveCfg = Release|Win32
		{A589F21B-0864-481C-B8C4-9C0F05CCE489}.Release|x86.Build.0 = Release|Win32
		{0C9F222F-0080-4AF4-B3C6-40E4D4EE9848}.Debug|x64.ActiveCfg = Debug|x64
		{0C9F222F-0080-4AF4-B3C6-40E4D4EE9848}.Debug|x64.Build.0 = Debug|x64
		{0C9F222F-0080-4AF4-B3C6-40E4D4EE9848}.Debug|x86.ActiveCfg = Debug|Win32
		{0C9F222F-0080-4AF4-B3C6-40E4D4EE9848}.Debug|x86.Build.0 = Debug|Win32
		{0C9F222F-0080-4AF4-B3C6-40E4D4EE9848}.Release|x64.ActiveCfg = Release|x64
		{0C9F222F-0080-4AF4-B3C6-40E4D4EE9848}.Release|x64.Build.0 = Release|x64
		{0C9F222F-0080-4AF4-B3C6-40E4D4EE9848}.Release|x86.ActiveCfg = Release|Win32
		{0C9F222F-0080-4AF4-B3C6-40E4D4EE9848}.Release|x86.Build.0 = Release|Win32
		{2F70C2BD-6E28-4A31-A77B-CB9C5A83E0CB}.Debug|x64.ActiveCfg = Debug|x64
		{2F70C2BD-6E28-4A31-A77B-CB9C5A83E0CB}.Debug|x64.Build.0 = Debug|x64
		{2F70C2BD-6E28-4A31-A77B-CB9C5A83E0CB}.Debug|x86.ActiveCfg = Debug|Win32
		{2F70C2BD-6E28-4A31-A77B-CB9C5A83E0CB}.Debug|x86.Build.0 = Debug|Win32
		{2F70C2BD-6E28-4A31-A77B-CB9C5A83E0CB}.Release|x64.ActiveCfg = Release|x64
		{2F70C2BD-6E28-4A31-A77B-CB9C5A83E0CB}.Release|x64.Build.0 = Release|x64
		{2F70C2BD-6E28-4A31-A77B-CB9C5A83E0CB}.Release|x86.ActiveCfg = Release|Win32
		{2F70C2BD-6E28-4A31-A77B-CB9C5A83E0CB}.Release|x86.Build.0 = Release|Win32
		{921CFCCF-5501-4574-A29B-9351469FDAA5}.Debug|x64.ActiveCfg = Debug|x64
		{921CFCCF-5501-4574-A29B-9351469FDAA5}.Debug|x64.Build.0 = Debug|x64
		{921CFCCF-5501-4574-A29B-9351469FDAA5}.Debug|x86.ActiveCfg = Debug|Win32
		{921CFCCF-5501-4574-A29B-9351469FDAA5}.Debug|x86.Build.0 = Debug|Win32
		{921CFCCF-5501-4574-A29B-9351469FDAA5}.Release|x64.ActiveCfg = Release|x64
		{921CFCCF-5501-4574-A29B-9351469FDAA5}.Release|x64.Build.0 = Release|x64
		{921CFCCF-5501-4574-A29B-9351469FDAA5}.Release|x86.ActiveCfg = Release|Win32
		{921CFCCF-5501-4574-A29B-9351469FDAA5}.Release|x86.Build.0 = Release|Win32
		{22BE1902-5AEE-4338-8CFE-8DFFAFB87603}.Debug|x64.ActiveCfg = Debug|x64
		{22BE1902-5AEE-4338-8CFE-8DFFAFB87603}.Debug|x64.Build.0 = Debug|x64
		{22BE1902-5AEE-4338-8CFE-8DFFAFB87603}.Debug|x86.ActiveCfg = Debug|Win32
		{22BE1902-5AEE-4338-8CFE-8DFFAFB87603}.Debug|x86.Build.0 = Debug|Win32
		{22BE1902-5AEE-4338-8CFE-8DFFAFB87603}.Release|x64.ActiveCfg = Release|x64
		{22BE1902-5AEE-4338-8CFE-8DFFAFB87603}.Release|x64.Build.0 = Release|x64
		{22BE1902-5AEE-4338-8CFE-8DFFAFB87603}.Release|x86.ActiveCfg = Release|Win32
		{22BE1902-5AEE-4338-8CFE-8DFFAFB87603}.Release|x86.Build.0 = Release|Win32
		{D1596FE6-C122-42EE-A8DF-2D5C06FC8A08}.Debug|x64.ActiveCfg = Debug|x64
		{D1596FE6-C122-42EE-A8DF-2D5C06FC8A08}.Debug|x64.Build.0 = Debug|x64
		{D1596FE6-C122-42EE-A8DF-2D5C06FC8A08}.Debug|x86.ActiveCfg = Debug|Win32
		{D1596FE6-C122-42EE-A8DF-2D5C06FC8A08}.Debug|x86.Build.0 = Debug|Win32
		{D1596FE6-C122-42EE-A8DF-2D5C06FC8A08}.Release|x64.ActiveCfg = Release|x64
		{D1596FE6-C122-42EE-A8DF-2D5C06FC8A08}.Release|x64.Build.0 = Release|x64
		{D1596FE6-C122-42EE-A8DF-2D5C06FC8A08}.Release|x86.ActiveCfg = Release|Win32
		{D1596FE6-C122-42EE-A8DF-2D5C06FC8A08}.Release|x86.Build.0 = Release|Win32
		{1960801E-88DA-4D21-B925-F855549C0F88}.Debug|x64.ActiveCfg = Debug|x64
		{1960801E-88DA-4D21-B925-F855549C0F88}.Debug|x64.Build.0 = Debug|x64
		{1960801E-88DA-4D21-B925-F855549C0F88}.Debug|x86.ActiveCfg = Debug|Win32
		{1960801E-88DA-4D21-B925-F855549C0F88}.Debug|x86.Build.0 = Debug|Win32
		{1960801E-88DA-4D21-B925-F855549C0F88}.Release|x64.ActiveCfg = Release|x64
		{1960801E-88DA-4D21-B925-F855549C0F88}.Release|x64.Build.0 = Release|x64
		{1960801E-88DA-4D21-B925-F855549C0F88}.Release|x86.ActiveCfg = Release|Win32
		{1960801E-88DA-4D21-B925-F855549C0F88}.Release|x86.Build.0 = Release|Win32
		{0987091F-BEE4-4293-B96C-54E2382112E0}.Debug|x64.ActiveCfg = Debug|x64
		{0987091F-BEE4-4293-B96C-54E2382112E0}.Debug|x64.Build.0 = Debug|x64
		{0987091F-BEE4-4293-B96C-54E2382112E0}.Debug|x86.ActiveCfg = Debug|Win32
		{0987091F-BEE4-4293-B96C-54E2382112E0}.Debug|x86.Build.0 = Debug|Win32
		{0987091F-BEE4-4293-B96C-54E2382112E0}.Release|x64.ActiveCfg = Release|x64
		{0987091F-BEE4-4293-B96C-54E2382112E0}.Release|x64.Build.0 = Release|x64
		{0987091F-BEE4-4293-B96C-54E2382112E0}.Release|x86.ActiveCfg = Release|Win32
		{0987091F-BEE4-4293-B96C-54E2382112E0}.Release|x86.Build.0 = Release|Win32
	EndGlobalSection
	GlobalSection(SolutionProperties) = preSolution
		HideSolutionNode = FALSE
	EndGlobalSection
	GlobalSection(ExtensibilityGlobals) = postSolution
		SolutionGuid = {2071A626-F946-4478-90E6-C389F0B52446}
	EndGlobalSection
EndGlobal
